
Microsoft Visual Studio Solution File, Format Version 12.00
# Visual Studio Version 17
VisualStudioVersion = 17.2.32616.157
MinimumVisualStudioVersion = 10.0.40219.1
Project("{FAE04EC0-301F-11D3-BF4B-00C04F79EFBC}") = "cms-net", "cms-net.csproj", "{13B53185-26FC-4CFD-B873-DB889EB9D95B}"
EndProject
Global
	GlobalSection(SolutionConfigurationPlatforms) = preSolution
		Debug|Any CPU = Debug|Any CPU
		Release|Any CPU = Release|Any CPU
	EndGlobalSection
	GlobalSection(ProjectConfigurationPlatforms) = postSolution
		{13B53185-26FC-4CFD-B873-DB889EB9D95B}.Debug|Any CPU.ActiveCfg = Debug|Any CPU
		{13B53185-26FC-4CFD-B873-DB889EB9D95B}.Debug|Any CPU.Build.0 = Debug|Any CPU
		{13B53185-26FC-4CFD-B873-DB889EB9D95B}.Release|Any CPU.ActiveCfg = Release|Any CPU
		{13B53185-26FC-4CFD-B873-DB889EB9D95B}.Release|Any CPU.Build.0 = Release|Any CPU
	EndGlobalSection
	GlobalSection(SolutionProperties) = preSolution
		HideSolutionNode = FALSE
	EndGlobalSection
	GlobalSection(ExtensibilityGlobals) = postSolution
		SolutionGuid = {2C1FDC8A-7A97-4870-B901-E6CD2EF4D83E}
	EndGlobalSection
EndGlobal
